
Microsoft Visual Studio Solution File, Format Version 12.00
# Visual Studio Version 17
VisualStudioVersion = 17.13.35931.197 d17.13
MinimumVisualStudioVersion = 10.0.40219.1
Project("{FAE04EC0-301F-11D3-BF4B-00C04F79EFBC}") = "SolarEnergyManagment", "SolarEnergyManagment.csproj", "{077144B1-C287-4014-92DB-AB73B1A1BF44}"
EndProject
Global
	GlobalSection(SolutionConfigurationPlatforms) = preSolution
		Debug|Any CPU = Debug|Any CPU
		Release|Any CPU = Release|Any CPU
	EndGlobalSection
	GlobalSection(ProjectConfigurationPlatforms) = postSolution
		{077144B1-C287-4014-92DB-AB73B1A1BF44}.Debug|Any CPU.ActiveCfg = Debug|Any CPU
		{077144B1-C287-4014-92DB-AB73B1A1BF44}.Debug|Any CPU.Build.0 = Debug|Any CPU
		{077144B1-C287-4014-92DB-AB73B1A1BF44}.Release|Any CPU.ActiveCfg = Release|Any CPU
		{077144B1-C287-4014-92DB-AB73B1A1BF44}.Release|Any CPU.Build.0 = Release|Any CPU
	EndGlobalSection
	GlobalSection(SolutionProperties) = preSolution
		HideSolutionNode = FALSE
	EndGlobalSection
	GlobalSection(ExtensibilityGlobals) = postSolution
		SolutionGuid = {4D031D13-3ABF-46FD-BB0A-94CED80392E1}
	EndGlobalSection
EndGlobal
