
Microsoft Visual Studio Solution File, Format Version 12.00
# Visual Studio Version 17
VisualStudioVersion = 17.14.36109.1 d17.14
MinimumVisualStudioVersion = 10.0.40219.1
Project("{FAE04EC0-301F-11D3-BF4B-00C04F79EFBC}") = "WpfApp1", "WpfApp1.csproj", "{DADF8805-A791-44AD-9410-50B656260153}"
EndProject
Global
	GlobalSection(SolutionConfigurationPlatforms) = preSolution
		Debug|Any CPU = Debug|Any CPU
		Release|Any CPU = Release|Any CPU
	EndGlobalSection
	GlobalSection(ProjectConfigurationPlatforms) = postSolution
		{DADF8805-A791-44AD-9410-50B656260153}.Debug|Any CPU.ActiveCfg = Debug|Any CPU
		{DADF8805-A791-44AD-9410-50B656260153}.Debug|Any CPU.Build.0 = Debug|Any CPU
		{DADF8805-A791-44AD-9410-50B656260153}.Release|Any CPU.ActiveCfg = Release|Any CPU
		{DADF8805-A791-44AD-9410-50B656260153}.Release|Any CPU.Build.0 = Release|Any CPU
	EndGlobalSection
	GlobalSection(SolutionProperties) = preSolution
		HideSolutionNode = FALSE
	EndGlobalSection
	GlobalSection(ExtensibilityGlobals) = postSolution
		SolutionGuid = {0F14B2D1-FADD-4C64-B9E0-704E14D188BA}
	EndGlobalSection
EndGlobal
